
Microsoft Visual Studio Solution File, Format Version 12.00
# Visual Studio Version 17
VisualStudioVersion = 17.6.33801.468
MinimumVisualStudioVersion = 10.0.40219.1
Project("{FAE04EC0-301F-11D3-BF4B-00C04F79EFBC}") = "Tyuiu.ElmurzaevIH.Sprint3.Task0.V16", "Tyuiu.ElmurzaevIH.Sprint3.Task0.V16\Tyuiu.ElmurzaevIH.Sprint3.Task0.V16.csproj", "{4F19B0B8-5580-4439-8ABE-80D9368B99EA}"
EndProject
Project("{2150E333-8FDC-42A3-9474-1A3956D46DE8}") = "Task0", "Task0", "{20B66931-0393-41AD-BF13-DC735591EA73}"
EndProject
Project("{FAE04EC0-301F-11D3-BF4B-00C04F79EFBC}") = "Tyuiu.ElmurzaevIH.Sprint3.Task0.V16.Lib", "Tyuiu.ElmurzaevIH.Sprint3.Task0.V16.Lib\Tyuiu.ElmurzaevIH.Sprint3.Task0.V16.Lib.csproj", "{57E57415-D2BB-4EF6-BBC6-40A8B9E941B1}"
EndProject
Project("{FAE04EC0-301F-11D3-BF4B-00C04F79EFBC}") = "Tyuiu.ElmurzaevIH.Sprint3.Task0.V16.Test", "Tyuiu.ElmurzaevIH.Sprint3.Task0.V16.Test\Tyuiu.ElmurzaevIH.Sprint3.Task0.V16.Test.csproj", "{82D36F6C-2FB6-4B65-9783-BF68934E71F6}"
EndProject
Project("{2150E333-8FDC-42A3-9474-1A3956D46DE8}") = "Task1", "Task1", "{70B2F92F-3B91-4008-BB7D-9316AA0CF8D7}"
EndProject
Project("{FAE04EC0-301F-11D3-BF4B-00C04F79EFBC}") = "Tyuiu.ElmurzaevIH.Sprint3.Task1.V16", "Tyuiu.ElmurzaevIH.Sprint3.Task1.V16\Tyuiu.ElmurzaevIH.Sprint3.Task1.V16.csproj", "{DEF3192B-EAD7-45EF-AA27-1F2DD23D12D6}"
EndProject
Project("{FAE04EC0-301F-11D3-BF4B-00C04F79EFBC}") = "Tyuiu.ElmurzaevIH.Sprint3.Task1.V16.Lib", "Tyuiu.ElmurzaevIH.Sprint3.Task1.V16.Lib\Tyuiu.ElmurzaevIH.Sprint3.Task1.V16.Lib.csproj", "{73D82405-8CE5-4D3D-9B03-8E7B4BC46B8D}"
EndProject
Project("{FAE04EC0-301F-11D3-BF4B-00C04F79EFBC}") = "Tyuiu.ElmurzaevIH.Sprint3.Task1.V16.Test", "Tyuiu.ElmurzaevIH.Sprint3.Task1.V16.Test\Tyuiu.ElmurzaevIH.Sprint3.Task1.V16.Test.csproj", "{A28001E9-8608-4F96-A490-13FA95C2E51A}"
EndProject
Project("{2150E333-8FDC-42A3-9474-1A3956D46DE8}") = "Task2", "Task2", "{23746B0C-7A99-4CB5-BB6B-956F8E9DD4E7}"
EndProject
Project("{FAE04EC0-301F-11D3-BF4B-00C04F79EFBC}") = "Tyuiu.ElmurzaevIH.Sprint3.Task2.V12", "Tyuiu.ElmurzaevIH.Sprint3.Task2.V12\Tyuiu.ElmurzaevIH.Sprint3.Task2.V12.csproj", "{92EB93B6-0910-4BEE-90AF-9B76C6E4027E}"
EndProject
Project("{FAE04EC0-301F-11D3-BF4B-00C04F79EFBC}") = "Tyuiu.ElmurzaevIH.Sprint3.Task2.V12.Lib", "Tyuiu.ElmurzaevIH.Sprint3.Task2.V12.Lib\Tyuiu.ElmurzaevIH.Sprint3.Task2.V12.Lib.csproj", "{82547468-86D0-4218-9B5A-D130FB8ED734}"
EndProject
Project("{FAE04EC0-301F-11D3-BF4B-00C04F79EFBC}") = "Tyuiu.ElmurzaevIH.Sprint3.Task2.V12.Test", "Tyuiu.ElmurzaevIH.Sprint3.Task2.V12.Test\Tyuiu.ElmurzaevIH.Sprint3.Task2.V12.Test.csproj", "{35FFE78E-B734-409C-AAF3-BD39FFB5D254}"
EndProject
Project("{2150E333-8FDC-42A3-9474-1A3956D46DE8}") = "Task3", "Task3", "{C4124B6D-758E-4BF1-9E27-30D45E480B93}"
EndProject
Project("{FAE04EC0-301F-11D3-BF4B-00C04F79EFBC}") = "Tyuiu.ElmurzaevIH.Sprint3.Task3.V22", "Tyuiu.ElmurzaevIH.Sprint3.Task3.V22\Tyuiu.ElmurzaevIH.Sprint3.Task3.V22.csproj", "{5F94FA26-5F0A-47AA-8694-36BF21687336}"
EndProject
Project("{FAE04EC0-301F-11D3-BF4B-00C04F79EFBC}") = "Tyuiu.ElmurzaevIH.Sprint3.Task3.V22.Lib", "Tyuiu.ElmurzaevIH.Sprint3.Task3.V22.Lib\Tyuiu.ElmurzaevIH.Sprint3.Task3.V22.Lib.csproj", "{DC5AC96A-3B34-42B1-82DB-8213F6AE9389}"
EndProject
Project("{FAE04EC0-301F-11D3-BF4B-00C04F79EFBC}") = "Tyuiu.ElmurzaevIH.Sprint3.Task3.V22.Test", "Tyuiu.ElmurzaevIH.Sprint3.Task3.V22.Test\Tyuiu.ElmurzaevIH.Sprint3.Task3.V22.Test.csproj", "{130F2A1A-0966-439B-BDDD-8B08CB9E8AEA}"
EndProject
Project("{2150E333-8FDC-42A3-9474-1A3956D46DE8}") = "Task4", "Task4", "{17B20EC5-965E-43AD-8159-8F003D8602B8}"
EndProject
Project("{FAE04EC0-301F-11D3-BF4B-00C04F79EFBC}") = "Tyuiu.ElmurzaevIH.Sprint3.Task4.V10", "Tyuiu.ElmurzaevIH.Sprint3.Task4.V10\Tyuiu.ElmurzaevIH.Sprint3.Task4.V10.csproj", "{06FA198E-DD4F-4D1B-BD02-64114DF47B0D}"
EndProject
Project("{FAE04EC0-301F-11D3-BF4B-00C04F79EFBC}") = "Tyuiu.ElmurzaevIH.Sprint3.Task4.V10.Lib", "Tyuiu.ElmurzaevIH.Sprint3.Task4.V10.Lib\Tyuiu.ElmurzaevIH.Sprint3.Task4.V10.Lib.csproj", "{1B8A965E-969B-4667-97FD-CF33B3FBF2EA}"
EndProject
Project("{FAE04EC0-301F-11D3-BF4B-00C04F79EFBC}") = "Tyuiu.ElmurzaevIH.Sprint3.Task4.V10.Test", "Tyuiu.ElmurzaevIH.Sprint3.Task4.V10.Test\Tyuiu.ElmurzaevIH.Sprint3.Task4.V10.Test.csproj", "{0BEAC6E4-3290-486F-9E8A-2993786260B6}"
EndProject
Project("{2150E333-8FDC-42A3-9474-1A3956D46DE8}") = "Task5", "Task5", "{B8ED371C-23B6-4E61-9C11-B443B47BF97D}"
EndProject
Project("{FAE04EC0-301F-11D3-BF4B-00C04F79EFBC}") = "Tyuiu.ElmurzaevIH.Sprint3.Task5.V15", "Tyuiu.ElmurzaevIH.Sprint3.Task5.V15\Tyuiu.ElmurzaevIH.Sprint3.Task5.V15.csproj", "{74354B28-576D-411B-B14C-C4F2F82C68FA}"
EndProject
Project("{FAE04EC0-301F-11D3-BF4B-00C04F79EFBC}") = "Tyuiu.ElmurzaevIH.Sprint3.Task5.V15.Lib", "Tyuiu.ElmurzaevIH.Sprint3.Task5.V15.Lib\Tyuiu.ElmurzaevIH.Sprint3.Task5.V15.Lib.csproj", "{0B4294BC-AEDD-47C5-8D7E-A2A0CC6E208A}"
EndProject
Project("{FAE04EC0-301F-11D3-BF4B-00C04F79EFBC}") = "Tyuiu.ElmurzaevIH.Sprint3.Task5.V15.Test", "Tyuiu.ElmurzaevIH.Sprint3.Task5.V15.Test\Tyuiu.ElmurzaevIH.Sprint3.Task5.V15.Test.csproj", "{0C5038E0-BDC9-4D6F-A488-14D7603D28DD}"
EndProject
Project("{2150E333-8FDC-42A3-9474-1A3956D46DE8}") = "Task6", "Task6", "{2442AEE2-4F81-43E4-B683-D48C21FBEDF9}"
EndProject
Project("{FAE04EC0-301F-11D3-BF4B-00C04F79EFBC}") = "Tyuiu.ElmurzaevIH.Sprint3.Task6.V27", "Tyuiu.ElmurzaevIH.Sprint3.Task6.V27\Tyuiu.ElmurzaevIH.Sprint3.Task6.V27.csproj", "{6BE1B198-ACF5-4DC4-9FC3-606756687BEE}"
EndProject
Project("{FAE04EC0-301F-11D3-BF4B-00C04F79EFBC}") = "Tyuiu.ElmurzaevIH.Sprint3.Task6.V27.Lib", "Tyuiu.ElmurzaevIH.Sprint3.Task6.V27.Lib\Tyuiu.ElmurzaevIH.Sprint3.Task6.V27.Lib.csproj", "{96E137D1-4FDA-4D2D-A223-2CE105017058}"
EndProject
Project("{FAE04EC0-301F-11D3-BF4B-00C04F79EFBC}") = "Tyuiu.ElmurzaevIH.Sprint3.Task6.V27.Test", "Tyuiu.ElmurzaevIH.Sprint3.Task6.V27.Test\Tyuiu.ElmurzaevIH.Sprint3.Task6.V27.Test.csproj", "{873B55D3-6479-44D8-B253-624DF4B32BE9}"
EndProject
Global
	GlobalSection(SolutionConfigurationPlatforms) = preSolution
		Debug|Any CPU = Debug|Any CPU
		Release|Any CPU = Release|Any CPU
	EndGlobalSection
	GlobalSection(ProjectConfigurationPlatforms) = postSolution
		{4F19B0B8-5580-4439-8ABE-80D9368B99EA}.Debug|Any CPU.ActiveCfg = Debug|Any CPU
		{4F19B0B8-5580-4439-8ABE-80D9368B99EA}.Debug|Any CPU.Build.0 = Debug|Any CPU
		{4F19B0B8-5580-4439-8ABE-80D9368B99EA}.Release|Any CPU.ActiveCfg = Release|Any CPU
		{4F19B0B8-5580-4439-8ABE-80D9368B99EA}.Release|Any CPU.Build.0 = Release|Any CPU
		{57E57415-D2BB-4EF6-BBC6-40A8B9E941B1}.Debug|Any CPU.ActiveCfg = Debug|Any CPU
		{57E57415-D2BB-4EF6-BBC6-40A8B9E941B1}.Debug|Any CPU.Build.0 = Debug|Any CPU
		{57E57415-D2BB-4EF6-BBC6-40A8B9E941B1}.Release|Any CPU.ActiveCfg = Release|Any CPU
		{57E57415-D2BB-4EF6-BBC6-40A8B9E941B1}.Release|Any CPU.Build.0 = Release|Any CPU
		{82D36F6C-2FB6-4B65-9783-BF68934E71F6}.Debug|Any CPU.ActiveCfg = Debug|Any CPU
		{82D36F6C-2FB6-4B65-9783-BF68934E71F6}.Debug|Any CPU.Build.0 = Debug|Any CPU
		{82D36F6C-2FB6-4B65-9783-BF68934E71F6}.Release|Any CPU.ActiveCfg = Release|Any CPU
		{82D36F6C-2FB6-4B65-9783-BF68934E71F6}.Release|Any CPU.Build.0 = Release|Any CPU
		{DEF3192B-EAD7-45EF-AA27-1F2DD23D12D6}.Debug|Any CPU.ActiveCfg = Debug|Any CPU
		{DEF3192B-EAD7-45EF-AA27-1F2DD23D12D6}.Debug|Any CPU.Build.0 = Debug|Any CPU
		{DEF3192B-EAD7-45EF-AA27-1F2DD23D12D6}.Release|Any CPU.ActiveCfg = Release|Any CPU
		{DEF3192B-EAD7-45EF-AA27-1F2DD23D12D6}.Release|Any CPU.Build.0 = Release|Any CPU
		{73D82405-8CE5-4D3D-9B03-8E7B4BC46B8D}.Debug|Any CPU.ActiveCfg = Debug|Any CPU
		{73D82405-8CE5-4D3D-9B03-8E7B4BC46B8D}.Debug|Any CPU.Build.0 = Debug|Any CPU
		{73D82405-8CE5-4D3D-9B03-8E7B4BC46B8D}.Release|Any CPU.ActiveCfg = Release|Any CPU
		{73D82405-8CE5-4D3D-9B03-8E7B4BC46B8D}.Release|Any CPU.Build.0 = Release|Any CPU
		{A28001E9-8608-4F96-A490-13FA95C2E51A}.Debug|Any CPU.ActiveCfg = Debug|Any CPU
		{A28001E9-8608-4F96-A490-13FA95C2E51A}.Debug|Any CPU.Build.0 = Debug|Any CPU
		{A28001E9-8608-4F96-A490-13FA95C2E51A}.Release|Any CPU.ActiveCfg = Release|Any CPU
		{A28001E9-8608-4F96-A490-13FA95C2E51A}.Release|Any CPU.Build.0 = Release|Any CPU
		{92EB93B6-0910-4BEE-90AF-9B76C6E4027E}.Debug|Any CPU.ActiveCfg = Debug|Any CPU
		{92EB93B6-0910-4BEE-90AF-9B76C6E4027E}.Debug|Any CPU.Build.0 = Debug|Any CPU
		{92EB93B6-0910-4BEE-90AF-9B76C6E4027E}.Release|Any CPU.ActiveCfg = Release|Any CPU
		{92EB93B6-0910-4BEE-90AF-9B76C6E4027E}.Release|Any CPU.Build.0 = Release|Any CPU
		{82547468-86D0-4218-9B5A-D130FB8ED734}.Debug|Any CPU.ActiveCfg = Debug|Any CPU
		{82547468-86D0-4218-9B5A-D130FB8ED734}.Debug|Any CPU.Build.0 = Debug|Any CPU
		{82547468-86D0-4218-9B5A-D130FB8ED734}.Release|Any CPU.ActiveCfg = Release|Any CPU
		{82547468-86D0-4218-9B5A-D130FB8ED734}.Release|Any CPU.Build.0 = Release|Any CPU
		{35FFE78E-B734-409C-AAF3-BD39FFB5D254}.Debug|Any CPU.ActiveCfg = Debug|Any CPU
		{35FFE78E-B734-409C-AAF3-BD39FFB5D254}.Debug|Any CPU.Build.0 = Debug|Any CPU
		{35FFE78E-B734-409C-AAF3-BD39FFB5D254}.Release|Any CPU.ActiveCfg = Release|Any CPU
		{35FFE78E-B734-409C-AAF3-BD39FFB5D254}.Release|Any CPU.Build.0 = Release|Any CPU
		{5F94FA26-5F0A-47AA-8694-36BF21687336}.Debug|Any CPU.ActiveCfg = Debug|Any CPU
		{5F94FA26-5F0A-47AA-8694-36BF21687336}.Debug|Any CPU.Build.0 = Debug|Any CPU
		{5F94FA26-5F0A-47AA-8694-36BF21687336}.Release|Any CPU.ActiveCfg = Release|Any CPU
		{5F94FA26-5F0A-47AA-8694-36BF21687336}.Release|Any CPU.Build.0 = Release|Any CPU
		{DC5AC96A-3B34-42B1-82DB-8213F6AE9389}.Debug|Any CPU.ActiveCfg = Debug|Any CPU
		{DC5AC96A-3B34-42B1-82DB-8213F6AE9389}.Debug|Any CPU.Build.0 = Debug|Any CPU
		{DC5AC96A-3B34-42B1-82DB-8213F6AE9389}.Release|Any CPU.ActiveCfg = Release|Any CPU
		{DC5AC96A-3B34-42B1-82DB-8213F6AE9389}.Release|Any CPU.Build.0 = Release|Any CPU
		{130F2A1A-0966-439B-BDDD-8B08CB9E8AEA}.Debug|Any CPU.ActiveCfg = Debug|Any CPU
		{130F2A1A-0966-439B-BDDD-8B08CB9E8AEA}.Debug|Any CPU.Build.0 = Debug|Any CPU
		{130F2A1A-0966-439B-BDDD-8B08CB9E8AEA}.Release|Any CPU.ActiveCfg = Release|Any CPU
		{130F2A1A-0966-439B-BDDD-8B08CB9E8AEA}.Release|Any CPU.Build.0 = Release|Any CPU
		{06FA198E-DD4F-4D1B-BD02-64114DF47B0D}.Debug|Any CPU.ActiveCfg = Debug|Any CPU
		{06FA198E-DD4F-4D1B-BD02-64114DF47B0D}.Debug|Any CPU.Build.0 = Debug|Any CPU
		{06FA198E-DD4F-4D1B-BD02-64114DF47B0D}.Release|Any CPU.ActiveCfg = Release|Any CPU
		{06FA198E-DD4F-4D1B-BD02-64114DF47B0D}.Release|Any CPU.Build.0 = Release|Any CPU
		{1B8A965E-969B-4667-97FD-CF33B3FBF2EA}.Debug|Any CPU.ActiveCfg = Debug|Any CPU
		{1B8A965E-969B-4667-97FD-CF33B3FBF2EA}.Debug|Any CPU.Build.0 = Debug|Any CPU
		{1B8A965E-969B-4667-97FD-CF33B3FBF2EA}.Release|Any CPU.ActiveCfg = Release|Any CPU
		{1B8A965E-969B-4667-97FD-CF33B3FBF2EA}.Release|Any CPU.Build.0 = Release|Any CPU
		{0BEAC6E4-3290-486F-9E8A-2993786260B6}.Debug|Any CPU.ActiveCfg = Debug|Any CPU
		{0BEAC6E4-3290-486F-9E8A-2993786260B6}.Debug|Any CPU.Build.0 = Debug|Any CPU
		{0BEAC6E4-3290-486F-9E8A-2993786260B6}.Release|Any CPU.ActiveCfg = Release|Any CPU
		{0BEAC6E4-3290-486F-9E8A-2993786260B6}.Release|Any CPU.Build.0 = Release|Any CPU
		{74354B28-576D-411B-B14C-C4F2F82C68FA}.Debug|Any CPU.ActiveCfg = Debug|Any CPU
		{74354B28-576D-411B-B14C-C4F2F82C68FA}.Debug|Any CPU.Build.0 = Debug|Any CPU
		{74354B28-576D-411B-B14C-C4F2F82C68FA}.Release|Any CPU.ActiveCfg = Release|Any CPU
		{74354B28-576D-411B-B14C-C4F2F82C68FA}.Release|Any CPU.Build.0 = Release|Any CPU
		{0B4294BC-AEDD-47C5-8D7E-A2A0CC6E208A}.Debug|Any CPU.ActiveCfg = Debug|Any CPU
		{0B4294BC-AEDD-47C5-8D7E-A2A0CC6E208A}.Debug|Any CPU.Build.0 = Debug|Any CPU
		{0B4294BC-AEDD-47C5-8D7E-A2A0CC6E208A}.Release|Any CPU.ActiveCfg = Release|Any CPU
		{0B4294BC-AEDD-47C5-8D7E-A2A0CC6E208A}.Release|Any CPU.Build.0 = Release|Any CPU
		{0C5038E0-BDC9-4D6F-A488-14D7603D28DD}.Debug|Any CPU.ActiveCfg = Debug|Any CPU
		{0C5038E0-BDC9-4D6F-A488-14D7603D28DD}.Debug|Any CPU.Build.0 = Debug|Any CPU
		{0C5038E0-BDC9-4D6F-A488-14D7603D28DD}.Release|Any CPU.ActiveCfg = Release|Any CPU
		{0C5038E0-BDC9-4D6F-A488-14D7603D28DD}.Release|Any CPU.Build.0 = Release|Any CPU
		{6BE1B198-ACF5-4DC4-9FC3-606756687BEE}.Debug|Any CPU.ActiveCfg = Debug|Any CPU
		{6BE1B198-ACF5-4DC4-9FC3-606756687BEE}.Debug|Any CPU.Build.0 = Debug|Any CPU
		{6BE1B198-ACF5-4DC4-9FC3-606756687BEE}.Release|Any CPU.ActiveCfg = Release|Any CPU
		{6BE1B198-ACF5-4DC4-9FC3-606756687BEE}.Release|Any CPU.Build.0 = Release|Any CPU
		{96E137D1-4FDA-4D2D-A223-2CE105017058}.Debug|Any CPU.ActiveCfg = Debug|Any CPU
		{96E137D1-4FDA-4D2D-A223-2CE105017058}.Debug|Any CPU.Build.0 = Debug|Any CPU
		{96E137D1-4FDA-4D2D-A223-2CE105017058}.Release|Any CPU.ActiveCfg = Release|Any CPU
		{96E137D1-4FDA-4D2D-A223-2CE105017058}.Release|Any CPU.Build.0 = Release|Any CPU
		{873B55D3-6479-44D8-B253-624DF4B32BE9}.Debug|Any CPU.ActiveCfg = Debug|Any CPU
		{873B55D3-6479-44D8-B253-624DF4B32BE9}.Debug|Any CPU.Build.0 = Debug|Any CPU
		{873B55D3-6479-44D8-B253-624DF4B32BE9}.Release|Any CPU.ActiveCfg = Release|Any CPU
		{873B55D3-6479-44D8-B253-624DF4B32BE9}.Release|Any CPU.Build.0 = Release|Any CPU
	EndGlobalSection
	GlobalSection(SolutionProperties) = preSolution
		HideSolutionNode = FALSE
	EndGlobalSection
	GlobalSection(NestedProjects) = preSolution
		{4F19B0B8-5580-4439-8ABE-80D9368B99EA} = {20B66931-0393-41AD-BF13-DC735591EA73}
		{57E57415-D2BB-4EF6-BBC6-40A8B9E941B1} = {20B66931-0393-41AD-BF13-DC735591EA73}
		{82D36F6C-2FB6-4B65-9783-BF68934E71F6} = {20B66931-0393-41AD-BF13-DC735591EA73}
		{DEF3192B-EAD7-45EF-AA27-1F2DD23D12D6} = {70B2F92F-3B91-4008-BB7D-9316AA0CF8D7}
		{73D82405-8CE5-4D3D-9B03-8E7B4BC46B8D} = {70B2F92F-3B91-4008-BB7D-9316AA0CF8D7}
		{A28001E9-8608-4F96-A490-13FA95C2E51A} = {70B2F92F-3B91-4008-BB7D-9316AA0CF8D7}
		{92EB93B6-0910-4BEE-90AF-9B76C6E4027E} = {23746B0C-7A99-4CB5-BB6B-956F8E9DD4E7}
		{82547468-86D0-4218-9B5A-D130FB8ED734} = {23746B0C-7A99-4CB5-BB6B-956F8E9DD4E7}
		{35FFE78E-B734-409C-AAF3-BD39FFB5D254} = {23746B0C-7A99-4CB5-BB6B-956F8E9DD4E7}
		{5F94FA26-5F0A-47AA-8694-36BF21687336} = {C4124B6D-758E-4BF1-9E27-30D45E480B93}
		{DC5AC96A-3B34-42B1-82DB-8213F6AE9389} = {C4124B6D-758E-4BF1-9E27-30D45E480B93}
		{130F2A1A-0966-439B-BDDD-8B08CB9E8AEA} = {C4124B6D-758E-4BF1-9E27-30D45E480B93}
		{06FA198E-DD4F-4D1B-BD02-64114DF47B0D} = {17B20EC5-965E-43AD-8159-8F003D8602B8}
		{1B8A965E-969B-4667-97FD-CF33B3FBF2EA} = {17B20EC5-965E-43AD-8159-8F003D8602B8}
		{0BEAC6E4-3290-486F-9E8A-2993786260B6} = {17B20EC5-965E-43AD-8159-8F003D8602B8}
		{74354B28-576D-411B-B14C-C4F2F82C68FA} = {B8ED371C-23B6-4E61-9C11-B443B47BF97D}
		{0B4294BC-AEDD-47C5-8D7E-A2A0CC6E208A} = {B8ED371C-23B6-4E61-9C11-B443B47BF97D}
		{0C5038E0-BDC9-4D6F-A488-14D7603D28DD} = {B8ED371C-23B6-4E61-9C11-B443B47BF97D}
		{6BE1B198-ACF5-4DC4-9FC3-606756687BEE} = {2442AEE2-4F81-43E4-B683-D48C21FBEDF9}
		{96E137D1-4FDA-4D2D-A223-2CE105017058} = {2442AEE2-4F81-43E4-B683-D48C21FBEDF9}
		{873B55D3-6479-44D8-B253-624DF4B32BE9} = {2442AEE2-4F81-43E4-B683-D48C21FBEDF9}
	EndGlobalSection
	GlobalSection(ExtensibilityGlobals) = postSolution
		SolutionGuid = {CE514113-3E68-46FD-8897-FD3017901D61}
	EndGlobalSection
EndGlobal
